
Microsoft Visual Studio Solution File, Format Version 12.00
# Visual Studio 14
VisualStudioVersion = 14.0.23107.0
MinimumVisualStudioVersion = 10.0.40219.1
Project("{2150E333-8FDC-42A3-9474-1A3956D46DE8}") = "Solution Items", "Solution Items", "{D5FED62A-ABFE-4EF4-9599-444AC3021670}"
	ProjectSection(SolutionItems) = preProject
		MeasurementTool.xsd = MeasurementTool.xsd
		MeasurementToolModel.xsd = MeasurementToolModel.xsd
		MeasurementToolType.xsd = MeasurementToolType.xsd
	EndProjectSection
EndProject
Global
	GlobalSection(SolutionProperties) = preSolution
		HideSolutionNode = FALSE
	EndGlobalSection
EndGlobal
