
Microsoft Visual Studio Solution File, Format Version 12.00
# Visual Studio 2013
VisualStudioVersion = 12.0.31101.0
MinimumVisualStudioVersion = 10.0.40219.1
Project("{2150E333-8FDC-42A3-9474-1A3956D46DE8}") = "Solution Items", "Solution Items", "{D5FED62A-ABFE-4EF4-9599-444AC3021670}"
	ProjectSection(SolutionItems) = preProject
		BibliographicReference.xsd = BibliographicReference.xsd
		MeasurementTool.xsd = MeasurementTool.xsd
		MeasurementToolModel.xsd = MeasurementToolModel.xsd
		MeasurementToolType.xsd = MeasurementToolType.xsd
		QuantityValue.xsd = QuantityValue.xsd
	EndProjectSection
EndProject
Project("{2150E333-8FDC-42A3-9474-1A3956D46DE8}") = "xml", "xml", "{AA1E5BE8-FA83-4E6B-9A5A-B6D41655D632}"
	ProjectSection(SolutionItems) = preProject
		xml\QuantityValue.xml = xml\QuantityValue.xml
	EndProjectSection
EndProject
Global
	GlobalSection(SolutionProperties) = preSolution
		HideSolutionNode = FALSE
	EndGlobalSection
	GlobalSection(NestedProjects) = preSolution
		{AA1E5BE8-FA83-4E6B-9A5A-B6D41655D632} = {D5FED62A-ABFE-4EF4-9599-444AC3021670}
	EndGlobalSection
EndGlobal
